github.com/Hanzei/hugo-component-osm v0.0.1 h1:F2FUyiN/xnxXgMtMdNJQPOYGbrNh68xC2sQL5WZBsds=
github.com/Hanzei/hugo-component-osm v0.0.1/go.mod h1:OySqkzA+1zwxeo15W/1P33bytoq70+4Wx7TaLRVVxhs=
github.com/theNewDynamic/gohugo-theme-ananke/v2 v2.11.2 h1:e57wIClfYebSg7lqJ6ZBbsPaOO+qYEUuqzKbOCwSMqA=
github.com/theNewDynamic/gohugo-theme-ananke/v2 v2.11.2/go.mod h1:PiXJyylwvAMIfDiHY0SlP8fDwGHhq3ocwbP4TiuAevo=

